
Microsoft Visual Studio Solution File, Format Version 12.00
# Visual Studio Version 17
VisualStudioVersion = 17.10.34916.146
MinimumVisualStudioVersion = 10.0.40219.1
Project("{2150E333-8FDC-42A3-9474-1A3956D46DE8}") = "Modules", "Modules", "{5E65FF9D-5932-46D8-80F9-70FD22DA5B9F}"
EndProject
Project("{2150E333-8FDC-42A3-9474-1A3956D46DE8}") = "Bootstraper", "Bootstraper", "{F8F98DCC-0CBF-4618-90D0-C6C24139F37F}"
EndProject
Project("{9A19103F-16F7-4668-BE54-9A1E7A4F7556}") = "Personal.Bootstraper", "Personal.Api\Bootstraper\Personal.Bootstraper\Personal.Bootstraper.csproj", "{9938454D-F36C-4DBF-A6EB-AD38D7E6BF2E}"
EndProject
Project("{9A19103F-16F7-4668-BE54-9A1E7A4F7556}") = "Personal.User.Api", "Personal.Api\Modules\User\Personal.User.Api\Personal.User.Api.csproj", "{2D23035F-B184-434E-953B-FB04D22D630F}"
EndProject
Project("{2150E333-8FDC-42A3-9474-1A3956D46DE8}") = "Shared", "Shared", "{8B0E820A-0AE6-45EB-B946-08E7BE94B340}"
EndProject
Project("{9A19103F-16F7-4668-BE54-9A1E7A4F7556}") = "Personal.Shared", "Personal.Api\Shared\Personal.Shared\Personal.Shared.csproj", "{732EE807-EA83-4A7E-BC9D-3C716B8033B5}"
EndProject
Project("{9A19103F-16F7-4668-BE54-9A1E7A4F7556}") = "Personal.User.Data", "Personal.Api\Modules\User\Personal.User.Data\Personal.User.Data.csproj", "{1A15A66A-CDEA-4025-95BA-34A7D322CEB5}"
EndProject
Project("{2150E333-8FDC-42A3-9474-1A3956D46DE8}") = "User", "User", "{F796E4CA-4106-4A6F-B463-0FEA2C5FDF60}"
EndProject
Project("{2150E333-8FDC-42A3-9474-1A3956D46DE8}") = "Budget", "Budget", "{85A5ABFB-4EBF-4940-B17D-67FF7D8B6C76}"
EndProject
Project("{9A19103F-16F7-4668-BE54-9A1E7A4F7556}") = "Personal.Budget.Data", "Personal.Api\Modules\Budget\Personal.Budget.Data\Personal.Budget.Data.csproj", "{A88F4101-C853-432B-9B1D-E698D29C800B}"
EndProject
Project("{9A19103F-16F7-4668-BE54-9A1E7A4F7556}") = "Personal.Budget.Api", "Personal.Api\Modules\Budget\Personal.Budget.Api\Personal.Budget.Api.csproj", "{85662B3F-0C39-4E56-83F0-8EF21068CCFB}"
EndProject
Project("{2150E333-8FDC-42A3-9474-1A3956D46DE8}") = "Time", "Time", "{D95F4DE3-7266-40F9-A9F6-10162EA9C6B6}"
EndProject
Project("{FAE04EC0-301F-11D3-BF4B-00C04F79EFBC}") = "Personal.Time.Data", "Personal.Api\Modules\Time\Personal.Time.Data\Personal.Time.Data.csproj", "{E8939E53-91B5-4B9B-881A-0080AAAD6092}"
EndProject
Project("{FAE04EC0-301F-11D3-BF4B-00C04F79EFBC}") = "Personal.Time.Api", "Personal.Api\Modules\Time\Personal.Time.Api\Personal.Time.Api.csproj", "{26382341-3CBC-4973-803D-2A401F092118}"
EndProject
Global
	GlobalSection(SolutionConfigurationPlatforms) = preSolution
		Debug|Any CPU = Debug|Any CPU
		Release|Any CPU = Release|Any CPU
	EndGlobalSection
	GlobalSection(ProjectConfigurationPlatforms) = postSolution
		{9938454D-F36C-4DBF-A6EB-AD38D7E6BF2E}.Debug|Any CPU.ActiveCfg = Debug|Any CPU
		{9938454D-F36C-4DBF-A6EB-AD38D7E6BF2E}.Debug|Any CPU.Build.0 = Debug|Any CPU
		{9938454D-F36C-4DBF-A6EB-AD38D7E6BF2E}.Release|Any CPU.ActiveCfg = Release|Any CPU
		{9938454D-F36C-4DBF-A6EB-AD38D7E6BF2E}.Release|Any CPU.Build.0 = Release|Any CPU
		{2D23035F-B184-434E-953B-FB04D22D630F}.Debug|Any CPU.ActiveCfg = Debug|Any CPU
		{2D23035F-B184-434E-953B-FB04D22D630F}.Debug|Any CPU.Build.0 = Debug|Any CPU
		{2D23035F-B184-434E-953B-FB04D22D630F}.Release|Any CPU.ActiveCfg = Release|Any CPU
		{2D23035F-B184-434E-953B-FB04D22D630F}.Release|Any CPU.Build.0 = Release|Any CPU
		{732EE807-EA83-4A7E-BC9D-3C716B8033B5}.Debug|Any CPU.ActiveCfg = Debug|Any CPU
		{732EE807-EA83-4A7E-BC9D-3C716B8033B5}.Debug|Any CPU.Build.0 = Debug|Any CPU
		{732EE807-EA83-4A7E-BC9D-3C716B8033B5}.Release|Any CPU.ActiveCfg = Release|Any CPU
		{732EE807-EA83-4A7E-BC9D-3C716B8033B5}.Release|Any CPU.Build.0 = Release|Any CPU
		{1A15A66A-CDEA-4025-95BA-34A7D322CEB5}.Debug|Any CPU.ActiveCfg = Debug|Any CPU
		{1A15A66A-CDEA-4025-95BA-34A7D322CEB5}.Debug|Any CPU.Build.0 = Debug|Any CPU
		{1A15A66A-CDEA-4025-95BA-34A7D322CEB5}.Release|Any CPU.ActiveCfg = Release|Any CPU
		{1A15A66A-CDEA-4025-95BA-34A7D322CEB5}.Release|Any CPU.Build.0 = Release|Any CPU
		{A88F4101-C853-432B-9B1D-E698D29C800B}.Debug|Any CPU.ActiveCfg = Debug|Any CPU
		{A88F4101-C853-432B-9B1D-E698D29C800B}.Debug|Any CPU.Build.0 = Debug|Any CPU
		{A88F4101-C853-432B-9B1D-E698D29C800B}.Release|Any CPU.ActiveCfg = Release|Any CPU
		{A88F4101-C853-432B-9B1D-E698D29C800B}.Release|Any CPU.Build.0 = Release|Any CPU
		{85662B3F-0C39-4E56-83F0-8EF21068CCFB}.Debug|Any CPU.ActiveCfg = Debug|Any CPU
		{85662B3F-0C39-4E56-83F0-8EF21068CCFB}.Debug|Any CPU.Build.0 = Debug|Any CPU
		{85662B3F-0C39-4E56-83F0-8EF21068CCFB}.Release|Any CPU.ActiveCfg = Release|Any CPU
		{85662B3F-0C39-4E56-83F0-8EF21068CCFB}.Release|Any CPU.Build.0 = Release|Any CPU
		{E8939E53-91B5-4B9B-881A-0080AAAD6092}.Debug|Any CPU.ActiveCfg = Debug|Any CPU
		{E8939E53-91B5-4B9B-881A-0080AAAD6092}.Debug|Any CPU.Build.0 = Debug|Any CPU
		{E8939E53-91B5-4B9B-881A-0080AAAD6092}.Release|Any CPU.ActiveCfg = Release|Any CPU
		{E8939E53-91B5-4B9B-881A-0080AAAD6092}.Release|Any CPU.Build.0 = Release|Any CPU
		{26382341-3CBC-4973-803D-2A401F092118}.Debug|Any CPU.ActiveCfg = Debug|Any CPU
		{26382341-3CBC-4973-803D-2A401F092118}.Debug|Any CPU.Build.0 = Debug|Any CPU
		{26382341-3CBC-4973-803D-2A401F092118}.Release|Any CPU.ActiveCfg = Release|Any CPU
		{26382341-3CBC-4973-803D-2A401F092118}.Release|Any CPU.Build.0 = Release|Any CPU
	EndGlobalSection
	GlobalSection(SolutionProperties) = preSolution
		HideSolutionNode = FALSE
	EndGlobalSection
	GlobalSection(NestedProjects) = preSolution
		{9938454D-F36C-4DBF-A6EB-AD38D7E6BF2E} = {F8F98DCC-0CBF-4618-90D0-C6C24139F37F}
		{2D23035F-B184-434E-953B-FB04D22D630F} = {F796E4CA-4106-4A6F-B463-0FEA2C5FDF60}
		{732EE807-EA83-4A7E-BC9D-3C716B8033B5} = {8B0E820A-0AE6-45EB-B946-08E7BE94B340}
		{1A15A66A-CDEA-4025-95BA-34A7D322CEB5} = {F796E4CA-4106-4A6F-B463-0FEA2C5FDF60}
		{F796E4CA-4106-4A6F-B463-0FEA2C5FDF60} = {5E65FF9D-5932-46D8-80F9-70FD22DA5B9F}
		{85A5ABFB-4EBF-4940-B17D-67FF7D8B6C76} = {5E65FF9D-5932-46D8-80F9-70FD22DA5B9F}
		{A88F4101-C853-432B-9B1D-E698D29C800B} = {85A5ABFB-4EBF-4940-B17D-67FF7D8B6C76}
		{85662B3F-0C39-4E56-83F0-8EF21068CCFB} = {85A5ABFB-4EBF-4940-B17D-67FF7D8B6C76}
		{D95F4DE3-7266-40F9-A9F6-10162EA9C6B6} = {5E65FF9D-5932-46D8-80F9-70FD22DA5B9F}
		{E8939E53-91B5-4B9B-881A-0080AAAD6092} = {D95F4DE3-7266-40F9-A9F6-10162EA9C6B6}
		{26382341-3CBC-4973-803D-2A401F092118} = {D95F4DE3-7266-40F9-A9F6-10162EA9C6B6}
	EndGlobalSection
	GlobalSection(ExtensibilityGlobals) = postSolution
		SolutionGuid = {4C095D50-A2A8-4011-8487-61850F94ECF8}
	EndGlobalSection
EndGlobal
